Microsoft Visual Studio Solution File, Format Version 11.00
# Visual Studio 2010
Project("{8BC9CEB8-8B4A-11D0-8D11-00A0C91BC942}") = "GameLib.Mixer", "Mixer\Mixer.vcxproj", "{7BD0C93F-4FC4-4BF6-98BD-2D929DB137A5}"
EndProject
Project("{FAE04EC0-301F-11D3-BF4B-00C04F79EFBC}") = "GameLib.Base", "Base\GameLib.Base.csproj", "{711792B7-5B4A-4BAC-9FAE-1476F4A4D5C3}"
EndProject
Project("{FAE04EC0-301F-11D3-BF4B-00C04F79EFBC}") = "AdamMil.Collections", "..\AdamMil.net\Collections\AdamMil.Collections.csproj", "{D9724C65-C54A-4671-BA0B-40B0B38464DD}"
EndProject
Project("{FAE04EC0-301F-11D3-BF4B-00C04F79EFBC}") = "GameLib.Audio", "Audio\GameLib.Audio.csproj", "{A1DB6052-FF6E-4A8D-A060-03DF5C49291D}"
EndProject
Project("{FAE04EC0-301F-11D3-BF4B-00C04F79EFBC}") = "GameLib.Video", "Video\GameLib.Video.csproj", "{C54986D4-0E7D-461B-ACB8-1C19FF78481B}"
EndProject
Project("{FAE04EC0-301F-11D3-BF4B-00C04F79EFBC}") = "AdamMil.IO", "..\AdamMil.net\IO\AdamMil.IO.csproj", "{CEB9BC77-B63F-40A1-BEDE-7C32E9B90D55}"
EndProject
Project("{FAE04EC0-301F-11D3-BF4B-00C04F79EFBC}") = "GameLib.Forms", "Forms\GameLib.Forms.csproj", "{6D25B5FC-A0B8-40DE-9257-4B2646A3A1EE}"
EndProject
Project("{FAE04EC0-301F-11D3-BF4B-00C04F79EFBC}") = "GameLib.Network", "Network\GameLib.Network.csproj", "{9D5BB62D-A391-4025-9DF1-88698FCC5978}"
EndProject
Project("{FAE04EC0-301F-11D3-BF4B-00C04F79EFBC}") = "GameLib.ThreeD", "ThreeD\GameLib.ThreeD.csproj", "{25A1BE8F-A834-46B3-BBA1-CBCB909E02BD}"
EndProject
Project("{FAE04EC0-301F-11D3-BF4B-00C04F79EFBC}") = "AdamMil.Mathematics", "..\AdamMil.net\Mathematics\AdamMil.Mathematics.csproj", "{BC146E65-29FA-4D05-89E2-CF485EBC86B8}"
EndProject
Project("{FAE04EC0-301F-11D3-BF4B-00C04F79EFBC}") = "AdamMil.Utilities", "..\AdamMil.net\Utilities\AdamMil.Utilities.csproj", "{29134637-6D08-432C-8161-9DEEE13C955D}"
EndProject
Global
	GlobalSection(SolutionConfigurationPlatforms) = preSolution
		Debug|Any CPU = Debug|Any CPU
		Debug|Mixed Platforms = Debug|Mixed Platforms
		Debug|Win32 = Debug|Win32
		Profile|Any CPU = Profile|Any CPU
		Profile|Mixed Platforms = Profile|Mixed Platforms
		Profile|Win32 = Profile|Win32
		Release|Any CPU = Release|Any CPU
		Release|Mixed Platforms = Release|Mixed Platforms
		Release|Win32 = Release|Win32
	EndGlobalSection
	GlobalSection(ProjectConfigurationPlatforms) = postSolution
		{7BD0C93F-4FC4-4BF6-98BD-2D929DB137A5}.Debug|Any CPU.ActiveCfg = Debug|Win32
		{7BD0C93F-4FC4-4BF6-98BD-2D929DB137A5}.Debug|Mixed Platforms.ActiveCfg = Debug|Win32
		{7BD0C93F-4FC4-4BF6-98BD-2D929DB137A5}.Debug|Mixed Platforms.Build.0 = Debug|Win32
		{7BD0C93F-4FC4-4BF6-98BD-2D929DB137A5}.Debug|Win32.ActiveCfg = Debug|Win32
		{7BD0C93F-4FC4-4BF6-98BD-2D929DB137A5}.Debug|Win32.Build.0 = Debug|Win32
		{7BD0C93F-4FC4-4BF6-98BD-2D929DB137A5}.Profile|Any CPU.ActiveCfg = Release|Win32
		{7BD0C93F-4FC4-4BF6-98BD-2D929DB137A5}.Profile|Mixed Platforms.ActiveCfg = Release|Win32
		{7BD0C93F-4FC4-4BF6-98BD-2D929DB137A5}.Profile|Mixed Platforms.Build.0 = Release|Win32
		{7BD0C93F-4FC4-4BF6-98BD-2D929DB137A5}.Profile|Win32.ActiveCfg = Release|Win32
		{7BD0C93F-4FC4-4BF6-98BD-2D929DB137A5}.Profile|Win32.Build.0 = Release|Win32
		{7BD0C93F-4FC4-4BF6-98BD-2D929DB137A5}.Release|Any CPU.ActiveCfg = Release|Win32
		{7BD0C93F-4FC4-4BF6-98BD-2D929DB137A5}.Release|Mixed Platforms.ActiveCfg = Release|Win32
		{7BD0C93F-4FC4-4BF6-98BD-2D929DB137A5}.Release|Mixed Platforms.Build.0 = Release|Win32
		{7BD0C93F-4FC4-4BF6-98BD-2D929DB137A5}.Release|Win32.ActiveCfg = Release|Win32
		{7BD0C93F-4FC4-4BF6-98BD-2D929DB137A5}.Release|Win32.Build.0 = Release|Win32
		{711792B7-5B4A-4BAC-9FAE-1476F4A4D5C3}.Debug|Any CPU.ActiveCfg = Debug|Any CPU
		{711792B7-5B4A-4BAC-9FAE-1476F4A4D5C3}.Debug|Any CPU.Build.0 = Debug|Any CPU
		{711792B7-5B4A-4BAC-9FAE-1476F4A4D5C3}.Debug|Mixed Platforms.ActiveCfg = Debug|Any CPU
		{711792B7-5B4A-4BAC-9FAE-1476F4A4D5C3}.Debug|Mixed Platforms.Build.0 = Debug|Any CPU
		{711792B7-5B4A-4BAC-9FAE-1476F4A4D5C3}.Debug|Win32.ActiveCfg = Debug|Any CPU
		{711792B7-5B4A-4BAC-9FAE-1476F4A4D5C3}.Profile|Any CPU.ActiveCfg = Release|Any CPU
		{711792B7-5B4A-4BAC-9FAE-1476F4A4D5C3}.Profile|Any CPU.Build.0 = Release|Any CPU
		{711792B7-5B4A-4BAC-9FAE-1476F4A4D5C3}.Profile|Mixed Platforms.ActiveCfg = Release|Any CPU
		{711792B7-5B4A-4BAC-9FAE-1476F4A4D5C3}.Profile|Mixed Platforms.Build.0 = Release|Any CPU
		{711792B7-5B4A-4BAC-9FAE-1476F4A4D5C3}.Profile|Win32.ActiveCfg = Release|Any CPU
		{711792B7-5B4A-4BAC-9FAE-1476F4A4D5C3}.Release|Any CPU.ActiveCfg = Release|Any CPU
		{711792B7-5B4A-4BAC-9FAE-1476F4A4D5C3}.Release|Any CPU.Build.0 = Release|Any CPU
		{711792B7-5B4A-4BAC-9FAE-1476F4A4D5C3}.Release|Mixed Platforms.ActiveCfg = Release|Any CPU
		{711792B7-5B4A-4BAC-9FAE-1476F4A4D5C3}.Release|Mixed Platforms.Build.0 = Release|Any CPU
		{711792B7-5B4A-4BAC-9FAE-1476F4A4D5C3}.Release|Win32.ActiveCfg = Release|Any CPU
		{D9724C65-C54A-4671-BA0B-40B0B38464DD}.Debug|Any CPU.ActiveCfg = Debug|Any CPU
		{D9724C65-C54A-4671-BA0B-40B0B38464DD}.Debug|Any CPU.Build.0 = Debug|Any CPU
		{D9724C65-C54A-4671-BA0B-40B0B38464DD}.Debug|Mixed Platforms.ActiveCfg = Debug|Any CPU
		{D9724C65-C54A-4671-BA0B-40B0B38464DD}.Debug|Mixed Platforms.Build.0 = Debug|Any CPU
		{D9724C65-C54A-4671-BA0B-40B0B38464DD}.Debug|Win32.ActiveCfg = Debug|Any CPU
		{D9724C65-C54A-4671-BA0B-40B0B38464DD}.Profile|Any CPU.ActiveCfg = Release|Any CPU
		{D9724C65-C54A-4671-BA0B-40B0B38464DD}.Profile|Any CPU.Build.0 = Release|Any CPU
		{D9724C65-C54A-4671-BA0B-40B0B38464DD}.Profile|Mixed Platforms.ActiveCfg = Release|Any CPU
		{D9724C65-C54A-4671-BA0B-40B0B38464DD}.Profile|Mixed Platforms.Build.0 = Release|Any CPU
		{D9724C65-C54A-4671-BA0B-40B0B38464DD}.Profile|Win32.ActiveCfg = Release|Any CPU
		{D9724C65-C54A-4671-BA0B-40B0B38464DD}.Release|Any CPU.ActiveCfg = Release|Any CPU
		{D9724C65-C54A-4671-BA0B-40B0B38464DD}.Release|Any CPU.Build.0 = Release|Any CPU
		{D9724C65-C54A-4671-BA0B-40B0B38464DD}.Release|Mixed Platforms.ActiveCfg = Release|Any CPU
		{D9724C65-C54A-4671-BA0B-40B0B38464DD}.Release|Mixed Platforms.Build.0 = Release|Any CPU
		{D9724C65-C54A-4671-BA0B-40B0B38464DD}.Release|Win32.ActiveCfg = Release|Any CPU
		{A1DB6052-FF6E-4A8D-A060-03DF5C49291D}.Debug|Any CPU.ActiveCfg = Debug|Any CPU
		{A1DB6052-FF6E-4A8D-A060-03DF5C49291D}.Debug|Any CPU.Build.0 = Debug|Any CPU
		{A1DB6052-FF6E-4A8D-A060-03DF5C49291D}.Debug|Mixed Platforms.ActiveCfg = Debug|Any CPU
		{A1DB6052-FF6E-4A8D-A060-03DF5C49291D}.Debug|Mixed Platforms.Build.0 = Debug|Any CPU
		{A1DB6052-FF6E-4A8D-A060-03DF5C49291D}.Debug|Win32.ActiveCfg = Debug|Any CPU
		{A1DB6052-FF6E-4A8D-A060-03DF5C49291D}.Profile|Any CPU.ActiveCfg = Release|Any CPU
		{A1DB6052-FF6E-4A8D-A060-03DF5C49291D}.Profile|Any CPU.Build.0 = Release|Any CPU
		{A1DB6052-FF6E-4A8D-A060-03DF5C49291D}.Profile|Mixed Platforms.ActiveCfg = Release|Any CPU
		{A1DB6052-FF6E-4A8D-A060-03DF5C49291D}.Profile|Mixed Platforms.Build.0 = Release|Any CPU
		{A1DB6052-FF6E-4A8D-A060-03DF5C49291D}.Profile|Win32.ActiveCfg = Release|Any CPU
		{A1DB6052-FF6E-4A8D-A060-03DF5C49291D}.Release|Any CPU.ActiveCfg = Release|Any CPU
		{A1DB6052-FF6E-4A8D-A060-03DF5C49291D}.Release|Any CPU.Build.0 = Release|Any CPU
		{A1DB6052-FF6E-4A8D-A060-03DF5C49291D}.Release|Mixed Platforms.ActiveCfg = Release|Any CPU
		{A1DB6052-FF6E-4A8D-A060-03DF5C49291D}.Release|Mixed Platforms.Build.0 = Release|Any CPU
		{A1DB6052-FF6E-4A8D-A060-03DF5C49291D}.Release|Win32.ActiveCfg = Release|Any CPU
		{C54986D4-0E7D-461B-ACB8-1C19FF78481B}.Debug|Any CPU.ActiveCfg = Debug|Any CPU
		{C54986D4-0E7D-461B-ACB8-1C19FF78481B}.Debug|Any CPU.Build.0 = Debug|Any CPU
		{C54986D4-0E7D-461B-ACB8-1C19FF78481B}.Debug|Mixed Platforms.ActiveCfg = Debug|Any CPU
		{C54986D4-0E7D-461B-ACB8-1C19FF78481B}.Debug|Mixed Platforms.Build.0 = Debug|Any CPU
		{C54986D4-0E7D-461B-ACB8-1C19FF78481B}.Debug|Win32.ActiveCfg = Debug|Any CPU
		{C54986D4-0E7D-461B-ACB8-1C19FF78481B}.Profile|Any CPU.ActiveCfg = Release|Any CPU
		{C54986D4-0E7D-461B-ACB8-1C19FF78481B}.Profile|Any CPU.Build.0 = Release|Any CPU
		{C54986D4-0E7D-461B-ACB8-1C19FF78481B}.Profile|Mixed Platforms.ActiveCfg = Release|Any CPU
		{C54986D4-0E7D-461B-ACB8-1C19FF78481B}.Profile|Mixed Platforms.Build.0 = Release|Any CPU
		{C54986D4-0E7D-461B-ACB8-1C19FF78481B}.Profile|Win32.ActiveCfg = Release|Any CPU
		{C54986D4-0E7D-461B-ACB8-1C19FF78481B}.Release|Any CPU.ActiveCfg = Release|Any CPU
		{C54986D4-0E7D-461B-ACB8-1C19FF78481B}.Release|Any CPU.Build.0 = Release|Any CPU
		{C54986D4-0E7D-461B-ACB8-1C19FF78481B}.Release|Mixed Platforms.ActiveCfg = Release|Any CPU
		{C54986D4-0E7D-461B-ACB8-1C19FF78481B}.Release|Mixed Platforms.Build.0 = Release|Any CPU
		{C54986D4-0E7D-461B-ACB8-1C19FF78481B}.Release|Win32.ActiveCfg = Release|Any CPU
		{CEB9BC77-B63F-40A1-BEDE-7C32E9B90D55}.Debug|Any CPU.ActiveCfg = Debug|Any CPU
		{CEB9BC77-B63F-40A1-BEDE-7C32E9B90D55}.Debug|Any CPU.Build.0 = Debug|Any CPU
		{CEB9BC77-B63F-40A1-BEDE-7C32E9B90D55}.Debug|Mixed Platforms.ActiveCfg = Debug|Any CPU
		{CEB9BC77-B63F-40A1-BEDE-7C32E9B90D55}.Debug|Mixed Platforms.Build.0 = Debug|Any CPU
		{CEB9BC77-B63F-40A1-BEDE-7C32E9B90D55}.Debug|Win32.ActiveCfg = Debug|Any CPU
		{CEB9BC77-B63F-40A1-BEDE-7C32E9B90D55}.Profile|Any CPU.ActiveCfg = Release|Any CPU
		{CEB9BC77-B63F-40A1-BEDE-7C32E9B90D55}.Profile|Any CPU.Build.0 = Release|Any CPU
		{CEB9BC77-B63F-40A1-BEDE-7C32E9B90D55}.Profile|Mixed Platforms.ActiveCfg = Release|Any CPU
		{CEB9BC77-B63F-40A1-BEDE-7C32E9B90D55}.Profile|Mixed Platforms.Build.0 = Release|Any CPU
		{CEB9BC77-B63F-40A1-BEDE-7C32E9B90D55}.Profile|Win32.ActiveCfg = Release|Any CPU
		{CEB9BC77-B63F-40A1-BEDE-7C32E9B90D55}.Release|Any CPU.ActiveCfg = Release|Any CPU
		{CEB9BC77-B63F-40A1-BEDE-7C32E9B90D55}.Release|Any CPU.Build.0 = Release|Any CPU
		{CEB9BC77-B63F-40A1-BEDE-7C32E9B90D55}.Release|Mixed Platforms.ActiveCfg = Release|Any CPU
		{CEB9BC77-B63F-40A1-BEDE-7C32E9B90D55}.Release|Mixed Platforms.Build.0 = Release|Any CPU
		{CEB9BC77-B63F-40A1-BEDE-7C32E9B90D55}.Release|Win32.ActiveCfg = Release|Any CPU
		{6D25B5FC-A0B8-40DE-9257-4B2646A3A1EE}.Debug|Any CPU.ActiveCfg = Debug|Any CPU
		{6D25B5FC-A0B8-40DE-9257-4B2646A3A1EE}.Debug|Any CPU.Build.0 = Debug|Any CPU
		{6D25B5FC-A0B8-40DE-9257-4B2646A3A1EE}.Debug|Mixed Platforms.ActiveCfg = Debug|Any CPU
		{6D25B5FC-A0B8-40DE-9257-4B2646A3A1EE}.Debug|Mixed Platforms.Build.0 = Debug|Any CPU
		{6D25B5FC-A0B8-40DE-9257-4B2646A3A1EE}.Debug|Win32.ActiveCfg = Debug|Any CPU
		{6D25B5FC-A0B8-40DE-9257-4B2646A3A1EE}.Profile|Any CPU.ActiveCfg = Release|Any CPU
		{6D25B5FC-A0B8-40DE-9257-4B2646A3A1EE}.Profile|Any CPU.Build.0 = Release|Any CPU
		{6D25B5FC-A0B8-40DE-9257-4B2646A3A1EE}.Profile|Mixed Platforms.ActiveCfg = Release|Any CPU
		{6D25B5FC-A0B8-40DE-9257-4B2646A3A1EE}.Profile|Mixed Platforms.Build.0 = Release|Any CPU
		{6D25B5FC-A0B8-40DE-9257-4B2646A3A1EE}.Profile|Win32.ActiveCfg = Release|Any CPU
		{6D25B5FC-A0B8-40DE-9257-4B2646A3A1EE}.Release|Any CPU.ActiveCfg = Release|Any CPU
		{6D25B5FC-A0B8-40DE-9257-4B2646A3A1EE}.Release|Any CPU.Build.0 = Release|Any CPU
		{6D25B5FC-A0B8-40DE-9257-4B2646A3A1EE}.Release|Mixed Platforms.ActiveCfg = Release|Any CPU
		{6D25B5FC-A0B8-40DE-9257-4B2646A3A1EE}.Release|Mixed Platforms.Build.0 = Release|Any CPU
		{6D25B5FC-A0B8-40DE-9257-4B2646A3A1EE}.Release|Win32.ActiveCfg = Release|Any CPU
		{9D5BB62D-A391-4025-9DF1-88698FCC5978}.Debug|Any CPU.ActiveCfg = Debug|Any CPU
		{9D5BB62D-A391-4025-9DF1-88698FCC5978}.Debug|Any CPU.Build.0 = Debug|Any CPU
		{9D5BB62D-A391-4025-9DF1-88698FCC5978}.Debug|Mixed Platforms.ActiveCfg = Debug|Any CPU
		{9D5BB62D-A391-4025-9DF1-88698FCC5978}.Debug|Mixed Platforms.Build.0 = Debug|Any CPU
		{9D5BB62D-A391-4025-9DF1-88698FCC5978}.Debug|Win32.ActiveCfg = Debug|Any CPU
		{9D5BB62D-A391-4025-9DF1-88698FCC5978}.Profile|Any CPU.ActiveCfg = Release|Any CPU
		{9D5BB62D-A391-4025-9DF1-88698FCC5978}.Profile|Any CPU.Build.0 = Release|Any CPU
		{9D5BB62D-A391-4025-9DF1-88698FCC5978}.Profile|Mixed Platforms.ActiveCfg = Release|Any CPU
		{9D5BB62D-A391-4025-9DF1-88698FCC5978}.Profile|Mixed Platforms.Build.0 = Release|Any CPU
		{9D5BB62D-A391-4025-9DF1-88698FCC5978}.Profile|Win32.ActiveCfg = Release|Any CPU
		{9D5BB62D-A391-4025-9DF1-88698FCC5978}.Release|Any CPU.ActiveCfg = Release|Any CPU
		{9D5BB62D-A391-4025-9DF1-88698FCC5978}.Release|Any CPU.Build.0 = Release|Any CPU
		{9D5BB62D-A391-4025-9DF1-88698FCC5978}.Release|Mixed Platforms.ActiveCfg = Release|Any CPU
		{9D5BB62D-A391-4025-9DF1-88698FCC5978}.Release|Mixed Platforms.Build.0 = Release|Any CPU
		{9D5BB62D-A391-4025-9DF1-88698FCC5978}.Release|Win32.ActiveCfg = Release|Any CPU
		{25A1BE8F-A834-46B3-BBA1-CBCB909E02BD}.Debug|Any CPU.ActiveCfg = Debug|Any CPU
		{25A1BE8F-A834-46B3-BBA1-CBCB909E02BD}.Debug|Any CPU.Build.0 = Debug|Any CPU
		{25A1BE8F-A834-46B3-BBA1-CBCB909E02BD}.Debug|Mixed Platforms.ActiveCfg = Debug|Any CPU
		{25A1BE8F-A834-46B3-BBA1-CBCB909E02BD}.Debug|Mixed Platforms.Build.0 = Debug|Any CPU
		{25A1BE8F-A834-46B3-BBA1-CBCB909E02BD}.Debug|Win32.ActiveCfg = Debug|Any CPU
		{25A1BE8F-A834-46B3-BBA1-CBCB909E02BD}.Profile|Any CPU.ActiveCfg = Release|Any CPU
		{25A1BE8F-A834-46B3-BBA1-CBCB909E02BD}.Profile|Any CPU.Build.0 = Release|Any CPU
		{25A1BE8F-A834-46B3-BBA1-CBCB909E02BD}.Profile|Mixed Platforms.ActiveCfg = Release|Any CPU
		{25A1BE8F-A834-46B3-BBA1-CBCB909E02BD}.Profile|Mixed Platforms.Build.0 = Release|Any CPU
		{25A1BE8F-A834-46B3-BBA1-CBCB909E02BD}.Profile|Win32.ActiveCfg = Release|Any CPU
		{25A1BE8F-A834-46B3-BBA1-CBCB909E02BD}.Release|Any CPU.ActiveCfg = Release|Any CPU
		{25A1BE8F-A834-46B3-BBA1-CBCB909E02BD}.Release|Any CPU.Build.0 = Release|Any CPU
		{25A1BE8F-A834-46B3-BBA1-CBCB909E02BD}.Release|Mixed Platforms.ActiveCfg = Release|Any CPU
		{25A1BE8F-A834-46B3-BBA1-CBCB909E02BD}.Release|Mixed Platforms.Build.0 = Release|Any CPU
		{25A1BE8F-A834-46B3-BBA1-CBCB909E02BD}.Release|Win32.ActiveCfg = Release|Any CPU
		{BC146E65-29FA-4D05-89E2-CF485EBC86B8}.Debug|Any CPU.ActiveCfg = Debug|Any CPU
		{BC146E65-29FA-4D05-89E2-CF485EBC86B8}.Debug|Any CPU.Build.0 = Debug|Any CPU
		{BC146E65-29FA-4D05-89E2-CF485EBC86B8}.Debug|Mixed Platforms.ActiveCfg = Debug|Any CPU
		{BC146E65-29FA-4D05-89E2-CF485EBC86B8}.Debug|Mixed Platforms.Build.0 = Debug|Any CPU
		{BC146E65-29FA-4D05-89E2-CF485EBC86B8}.Debug|Win32.ActiveCfg = Debug|Any CPU
		{BC146E65-29FA-4D05-89E2-CF485EBC86B8}.Profile|Any CPU.ActiveCfg = Release|Any CPU
		{BC146E65-29FA-4D05-89E2-CF485EBC86B8}.Profile|Any CPU.Build.0 = Release|Any CPU
		{BC146E65-29FA-4D05-89E2-CF485EBC86B8}.Profile|Mixed Platforms.ActiveCfg = Release|Any CPU
		{BC146E65-29FA-4D05-89E2-CF485EBC86B8}.Profile|Mixed Platforms.Build.0 = Release|Any CPU
		{BC146E65-29FA-4D05-89E2-CF485EBC86B8}.Profile|Win32.ActiveCfg = Release|Any CPU
		{BC146E65-29FA-4D05-89E2-CF485EBC86B8}.Release|Any CPU.ActiveCfg = Release|Any CPU
		{BC146E65-29FA-4D05-89E2-CF485EBC86B8}.Release|Any CPU.Build.0 = Release|Any CPU
		{BC146E65-29FA-4D05-89E2-CF485EBC86B8}.Release|Mixed Platforms.ActiveCfg = Release|Any CPU
		{BC146E65-29FA-4D05-89E2-CF485EBC86B8}.Release|Mixed Platforms.Build.0 = Release|Any CPU
		{BC146E65-29FA-4D05-89E2-CF485EBC86B8}.Release|Win32.ActiveCfg = Release|Any CPU
		{29134637-6D08-432C-8161-9DEEE13C955D}.Debug|Any CPU.ActiveCfg = Debug|Any CPU
		{29134637-6D08-432C-8161-9DEEE13C955D}.Debug|Any CPU.Build.0 = Debug|Any CPU
		{29134637-6D08-432C-8161-9DEEE13C955D}.Debug|Mixed Platforms.ActiveCfg = Debug|Any CPU
		{29134637-6D08-432C-8161-9DEEE13C955D}.Debug|Mixed Platforms.Build.0 = Debug|Any CPU
		{29134637-6D08-432C-8161-9DEEE13C955D}.Debug|Win32.ActiveCfg = Debug|Any CPU
		{29134637-6D08-432C-8161-9DEEE13C955D}.Profile|Any CPU.ActiveCfg = Release|Any CPU
		{29134637-6D08-432C-8161-9DEEE13C955D}.Profile|Any CPU.Build.0 = Release|Any CPU
		{29134637-6D08-432C-8161-9DEEE13C955D}.Profile|Mixed Platforms.ActiveCfg = Release|Any CPU
		{29134637-6D08-432C-8161-9DEEE13C955D}.Profile|Mixed Platforms.Build.0 = Release|Any CPU
		{29134637-6D08-432C-8161-9DEEE13C955D}.Profile|Win32.ActiveCfg = Release|Any CPU
		{29134637-6D08-432C-8161-9DEEE13C955D}.Release|Any CPU.ActiveCfg = Release|Any CPU
		{29134637-6D08-432C-8161-9DEEE13C955D}.Release|Any CPU.Build.0 = Release|Any CPU
		{29134637-6D08-432C-8161-9DEEE13C955D}.Release|Mixed Platforms.ActiveCfg = Release|Any CPU
		{29134637-6D08-432C-8161-9DEEE13C955D}.Release|Mixed Platforms.Build.0 = Release|Any CPU
		{29134637-6D08-432C-8161-9DEEE13C955D}.Release|Win32.ActiveCfg = Release|Any CPU
	EndGlobalSection
	GlobalSection(SolutionProperties) = preSolution
		HideSolutionNode = FALSE
	EndGlobalSection
	GlobalSection(SubversionScc) = preSolution
		Svn-Managed = True
		Manager = AnkhSVN - Subversion Support for Visual Studio
	EndGlobalSection
EndGlobal
