Microsoft Visual Studio Solution File, Format Version 9.00
# Visual Studio 2005
Project("{FAE04EC0-301F-11D3-BF4B-00C04F79EFBC}") = "GameLib", "..\GameLib.csproj", "{79014105-2BDA-4D27-98AE-2DE3F5254252}"
EndProject
Project("{FAE04EC0-301F-11D3-BF4B-00C04F79EFBC}") = "OpenGL", "OpenGL\OpenGL.csproj", "{0B8359A3-E384-4426-A280-A448BBCF4283}"
EndProject
Project("{FAE04EC0-301F-11D3-BF4B-00C04F79EFBC}") = "Audio", "Audio\Audio.csproj", "{8FCEFC22-3E71-4BF4-B30E-DD77C32B579F}"
EndProject
Project("{FAE04EC0-301F-11D3-BF4B-00C04F79EFBC}") = "CDAudio", "CDAudio\CDAudio.csproj", "{E5008C10-74A0-4A49-A15E-663D0E1AAC8C}"
EndProject
Project("{FAE04EC0-301F-11D3-BF4B-00C04F79EFBC}") = "Input", "Input\Input.csproj", "{DACDCE27-05A9-461E-8BDD-6B7659747029}"
EndProject
Project("{FAE04EC0-301F-11D3-BF4B-00C04F79EFBC}") = "Windowing", "Windowing\Windowing.csproj", "{07EFCEE9-D597-4281-B493-9CB476EC26AC}"
EndProject
Project("{FAE04EC0-301F-11D3-BF4B-00C04F79EFBC}") = "Asteroids", "Asteroids\Asteroids.csproj", "{115A6C1F-C8DF-4579-B6F5-B4557FD5103A}"
EndProject
Project("{FAE04EC0-301F-11D3-BF4B-00C04F79EFBC}") = "Networking", "Networking\Networking.csproj", "{930C6481-E6EB-42AF-88E8-88862A0F9B06}"
EndProject
Project("{FAE04EC0-301F-11D3-BF4B-00C04F79EFBC}") = "BasicVideo", "BasicVideo\BasicVideo.csproj", "{FA2D8B87-D3DB-4EB0-80B7-48ED9E40B6EE}"
EndProject
Global
	GlobalSection(SolutionConfigurationPlatforms) = preSolution
		Debug|Any CPU = Debug|Any CPU
		Profile|Any CPU = Profile|Any CPU
		Release|Any CPU = Release|Any CPU
	EndGlobalSection
	GlobalSection(ProjectConfigurationPlatforms) = postSolution
		{79014105-2BDA-4D27-98AE-2DE3F5254252}.Debug|Any CPU.ActiveCfg = Debug|Any CPU
		{79014105-2BDA-4D27-98AE-2DE3F5254252}.Debug|Any CPU.Build.0 = Debug|Any CPU
		{79014105-2BDA-4D27-98AE-2DE3F5254252}.Profile|Any CPU.ActiveCfg = Profile|Any CPU
		{79014105-2BDA-4D27-98AE-2DE3F5254252}.Profile|Any CPU.Build.0 = Profile|Any CPU
		{79014105-2BDA-4D27-98AE-2DE3F5254252}.Release|Any CPU.ActiveCfg = Release|Any CPU
		{79014105-2BDA-4D27-98AE-2DE3F5254252}.Release|Any CPU.Build.0 = Release|Any CPU
		{0B8359A3-E384-4426-A280-A448BBCF4283}.Debug|Any CPU.ActiveCfg = Debug|Any CPU
		{0B8359A3-E384-4426-A280-A448BBCF4283}.Debug|Any CPU.Build.0 = Debug|Any CPU
		{0B8359A3-E384-4426-A280-A448BBCF4283}.Profile|Any CPU.ActiveCfg = Release|Any CPU
		{0B8359A3-E384-4426-A280-A448BBCF4283}.Profile|Any CPU.Build.0 = Release|Any CPU
		{0B8359A3-E384-4426-A280-A448BBCF4283}.Release|Any CPU.ActiveCfg = Release|Any CPU
		{0B8359A3-E384-4426-A280-A448BBCF4283}.Release|Any CPU.Build.0 = Release|Any CPU
		{8FCEFC22-3E71-4BF4-B30E-DD77C32B579F}.Debug|Any CPU.ActiveCfg = Debug|Any CPU
		{8FCEFC22-3E71-4BF4-B30E-DD77C32B579F}.Debug|Any CPU.Build.0 = Debug|Any CPU
		{8FCEFC22-3E71-4BF4-B30E-DD77C32B579F}.Profile|Any CPU.ActiveCfg = Release|Any CPU
		{8FCEFC22-3E71-4BF4-B30E-DD77C32B579F}.Profile|Any CPU.Build.0 = Release|Any CPU
		{8FCEFC22-3E71-4BF4-B30E-DD77C32B579F}.Release|Any CPU.ActiveCfg = Release|Any CPU
		{8FCEFC22-3E71-4BF4-B30E-DD77C32B579F}.Release|Any CPU.Build.0 = Release|Any CPU
		{E5008C10-74A0-4A49-A15E-663D0E1AAC8C}.Debug|Any CPU.ActiveCfg = Debug|Any CPU
		{E5008C10-74A0-4A49-A15E-663D0E1AAC8C}.Debug|Any CPU.Build.0 = Debug|Any CPU
		{E5008C10-74A0-4A49-A15E-663D0E1AAC8C}.Profile|Any CPU.ActiveCfg = Release|Any CPU
		{E5008C10-74A0-4A49-A15E-663D0E1AAC8C}.Profile|Any CPU.Build.0 = Release|Any CPU
		{E5008C10-74A0-4A49-A15E-663D0E1AAC8C}.Release|Any CPU.ActiveCfg = Release|Any CPU
		{E5008C10-74A0-4A49-A15E-663D0E1AAC8C}.Release|Any CPU.Build.0 = Release|Any CPU
		{DACDCE27-05A9-461E-8BDD-6B7659747029}.Debug|Any CPU.ActiveCfg = Debug|Any CPU
		{DACDCE27-05A9-461E-8BDD-6B7659747029}.Debug|Any CPU.Build.0 = Debug|Any CPU
		{DACDCE27-05A9-461E-8BDD-6B7659747029}.Profile|Any CPU.ActiveCfg = Release|Any CPU
		{DACDCE27-05A9-461E-8BDD-6B7659747029}.Profile|Any CPU.Build.0 = Release|Any CPU
		{DACDCE27-05A9-461E-8BDD-6B7659747029}.Release|Any CPU.ActiveCfg = Release|Any CPU
		{DACDCE27-05A9-461E-8BDD-6B7659747029}.Release|Any CPU.Build.0 = Release|Any CPU
		{07EFCEE9-D597-4281-B493-9CB476EC26AC}.Debug|Any CPU.ActiveCfg = Debug|Any CPU
		{07EFCEE9-D597-4281-B493-9CB476EC26AC}.Debug|Any CPU.Build.0 = Debug|Any CPU
		{07EFCEE9-D597-4281-B493-9CB476EC26AC}.Profile|Any CPU.ActiveCfg = Release|Any CPU
		{07EFCEE9-D597-4281-B493-9CB476EC26AC}.Profile|Any CPU.Build.0 = Release|Any CPU
		{07EFCEE9-D597-4281-B493-9CB476EC26AC}.Release|Any CPU.ActiveCfg = Release|Any CPU
		{07EFCEE9-D597-4281-B493-9CB476EC26AC}.Release|Any CPU.Build.0 = Release|Any CPU
		{115A6C1F-C8DF-4579-B6F5-B4557FD5103A}.Debug|Any CPU.ActiveCfg = Debug|Any CPU
		{115A6C1F-C8DF-4579-B6F5-B4557FD5103A}.Debug|Any CPU.Build.0 = Debug|Any CPU
		{115A6C1F-C8DF-4579-B6F5-B4557FD5103A}.Profile|Any CPU.ActiveCfg = Release|Any CPU
		{115A6C1F-C8DF-4579-B6F5-B4557FD5103A}.Profile|Any CPU.Build.0 = Release|Any CPU
		{115A6C1F-C8DF-4579-B6F5-B4557FD5103A}.Release|Any CPU.ActiveCfg = Release|Any CPU
		{115A6C1F-C8DF-4579-B6F5-B4557FD5103A}.Release|Any CPU.Build.0 = Release|Any CPU
		{930C6481-E6EB-42AF-88E8-88862A0F9B06}.Debug|Any CPU.ActiveCfg = Debug|Any CPU
		{930C6481-E6EB-42AF-88E8-88862A0F9B06}.Debug|Any CPU.Build.0 = Debug|Any CPU
		{930C6481-E6EB-42AF-88E8-88862A0F9B06}.Profile|Any CPU.ActiveCfg = Release|Any CPU
		{930C6481-E6EB-42AF-88E8-88862A0F9B06}.Profile|Any CPU.Build.0 = Release|Any CPU
		{930C6481-E6EB-42AF-88E8-88862A0F9B06}.Release|Any CPU.ActiveCfg = Release|Any CPU
		{930C6481-E6EB-42AF-88E8-88862A0F9B06}.Release|Any CPU.Build.0 = Release|Any CPU
		{FA2D8B87-D3DB-4EB0-80B7-48ED9E40B6EE}.Debug|Any CPU.ActiveCfg = Debug|Any CPU
		{FA2D8B87-D3DB-4EB0-80B7-48ED9E40B6EE}.Debug|Any CPU.Build.0 = Debug|Any CPU
		{FA2D8B87-D3DB-4EB0-80B7-48ED9E40B6EE}.Profile|Any CPU.ActiveCfg = Release|Any CPU
		{FA2D8B87-D3DB-4EB0-80B7-48ED9E40B6EE}.Profile|Any CPU.Build.0 = Release|Any CPU
		{FA2D8B87-D3DB-4EB0-80B7-48ED9E40B6EE}.Release|Any CPU.ActiveCfg = Release|Any CPU
		{FA2D8B87-D3DB-4EB0-80B7-48ED9E40B6EE}.Release|Any CPU.Build.0 = Release|Any CPU
	EndGlobalSection
	GlobalSection(SolutionProperties) = preSolution
		HideSolutionNode = FALSE
	EndGlobalSection
EndGlobal
